github.com/eclipse/paho.mqtt.golang v1.0.1-0.20180724133947-3790e2f13990 h1:QS83lXaiLuVDaqDyCIov0cKukzwR8tcBwHEYr8N9iLc=
github.com/eclipse/paho.mqtt.golang v1.0.1-0.20180724133947-3790e2f13990/go.mod h1:H9keYFcgq3Qr5OUJm/JZI/i6U7joQ8SYLhZwfeOo6Ts=
github.com/eclipse/paho.mqtt.golang v1.1.1 h1:iPJYXJLaViCshRTW/PSqImSS6HJ2Rf671WR0bXZ2GIU=
github.com/eclipse/paho.mqtt.golang v1.1.1/go.mod h1:H9keYFcgq3Qr5OUJm/JZI/i6U7joQ8SYLhZwfeOo6Ts=
golang.org/x/net v0.0.0-20180921000356-2f5d2388922f h1:QM2QVxvDoW9PFSPp/zy9FgxJLfaWTZlS61KEPtBwacM=
golang.org/x/net v0.0.0-20180921000356-2f5d2388922f/go.mod h1:mL1N/T3taQHkDXs73rZJwtUhF3w3ftmwwsq0BUmARs4=
